
Microsoft Visual Studio Solution File, Format Version 12.00
# Visual Studio Version 17
VisualStudioVersion = 17.5.33516.290
MinimumVisualStudioVersion = 10.0.40219.1
Project("{9A19103F-16F7-4668-BE54-9A1E7A4F7556}") = "JCNUloha2", "JCNUloha2\JCNUloha2.csproj", "{82959B6C-A228-468E-B249-D12A60F2B48B}"
EndProject
Project("{FAE04EC0-301F-11D3-BF4B-00C04F79EFBC}") = "ViewerConsoleApp", "ViewerConsoleApp\ViewerConsoleApp.csproj", "{7D2EBA93-FB81-49BA-8D6F-35BE6D581703}"
EndProject
Project("{FAE04EC0-301F-11D3-BF4B-00C04F79EFBC}") = "EditorGuiApp", "EditorGuiApp\EditorGuiApp.csproj", "{8A6E76E0-EF31-4EC0-ABA3-4DB84CD46473}"
EndProject
Global
	GlobalSection(SolutionConfigurationPlatforms) = preSolution
		Debug|Any CPU = Debug|Any CPU
		Release|Any CPU = Release|Any CPU
	EndGlobalSection
	GlobalSection(ProjectConfigurationPlatforms) = postSolution
		{82959B6C-A228-468E-B249-D12A60F2B48B}.Debug|Any CPU.ActiveCfg = Debug|Any CPU
		{82959B6C-A228-468E-B249-D12A60F2B48B}.Debug|Any CPU.Build.0 = Debug|Any CPU
		{82959B6C-A228-468E-B249-D12A60F2B48B}.Release|Any CPU.ActiveCfg = Release|Any CPU
		{82959B6C-A228-468E-B249-D12A60F2B48B}.Release|Any CPU.Build.0 = Release|Any CPU
		{7D2EBA93-FB81-49BA-8D6F-35BE6D581703}.Debug|Any CPU.ActiveCfg = Debug|Any CPU
		{7D2EBA93-FB81-49BA-8D6F-35BE6D581703}.Debug|Any CPU.Build.0 = Debug|Any CPU
		{7D2EBA93-FB81-49BA-8D6F-35BE6D581703}.Release|Any CPU.ActiveCfg = Release|Any CPU
		{7D2EBA93-FB81-49BA-8D6F-35BE6D581703}.Release|Any CPU.Build.0 = Release|Any CPU
		{8A6E76E0-EF31-4EC0-ABA3-4DB84CD46473}.Debug|Any CPU.ActiveCfg = Debug|Any CPU
		{8A6E76E0-EF31-4EC0-ABA3-4DB84CD46473}.Debug|Any CPU.Build.0 = Debug|Any CPU
		{8A6E76E0-EF31-4EC0-ABA3-4DB84CD46473}.Release|Any CPU.ActiveCfg = Release|Any CPU
		{8A6E76E0-EF31-4EC0-ABA3-4DB84CD46473}.Release|Any CPU.Build.0 = Release|Any CPU
	EndGlobalSection
	GlobalSection(SolutionProperties) = preSolution
		HideSolutionNode = FALSE
	EndGlobalSection
	GlobalSection(ExtensibilityGlobals) = postSolution
		SolutionGuid = {25B00EA4-3FDC-4D3A-AB94-EF89D458B67A}
	EndGlobalSection
EndGlobal
